
Microsoft Visual Studio Solution File, Format Version 12.00
# Visual Studio Version 17
VisualStudioVersion = 17.7.34024.191
MinimumVisualStudioVersion = 10.0.40219.1
Project("{FAE04EC0-301F-11D3-BF4B-00C04F79EFBC}") = "StudentsAndTeachers", "StudentsAndTeachers\StudentsAndTeachers.csproj", "{1AA7075B-4263-47DB-A891-2F3C013D6ADD}"
EndProject
Project("{E53339B2-1760-4266-BCC7-CA923CBCF16C}") = "docker-compose", "docker-compose.dcproj", "{3520F90C-00ED-4D11-8D40-9534F07937E9}"
EndProject
Global
	GlobalSection(SolutionConfigurationPlatforms) = preSolution
		Debug|Any CPU = Debug|Any CPU
		Release|Any CPU = Release|Any CPU
	EndGlobalSection
	GlobalSection(ProjectConfigurationPlatforms) = postSolution
		{1AA7075B-4263-47DB-A891-2F3C013D6ADD}.Debug|Any CPU.ActiveCfg = Debug|Any CPU
		{1AA7075B-4263-47DB-A891-2F3C013D6ADD}.Debug|Any CPU.Build.0 = Debug|Any CPU
		{1AA7075B-4263-47DB-A891-2F3C013D6ADD}.Release|Any CPU.ActiveCfg = Release|Any CPU
		{1AA7075B-4263-47DB-A891-2F3C013D6ADD}.Release|Any CPU.Build.0 = Release|Any CPU
		{3520F90C-00ED-4D11-8D40-9534F07937E9}.Debug|Any CPU.ActiveCfg = Debug|Any CPU
		{3520F90C-00ED-4D11-8D40-9534F07937E9}.Debug|Any CPU.Build.0 = Debug|Any CPU
		{3520F90C-00ED-4D11-8D40-9534F07937E9}.Release|Any CPU.ActiveCfg = Release|Any CPU
		{3520F90C-00ED-4D11-8D40-9534F07937E9}.Release|Any CPU.Build.0 = Release|Any CPU
	EndGlobalSection
	GlobalSection(SolutionProperties) = preSolution
		HideSolutionNode = FALSE
	EndGlobalSection
	GlobalSection(ExtensibilityGlobals) = postSolution
		SolutionGuid = {E87262B5-6578-4467-B4CA-346BA2FAE225}
	EndGlobalSection
EndGlobal
